
Microsoft Visual Studio Solution File, Format Version 12.00
# Visual Studio Version 16
VisualStudioVersion = 16.0.31729.503
MinimumVisualStudioVersion = 10.0.40219.1
Project("{2150E333-8FDC-42A3-9474-1A3956D46DE8}") = "DependencyInversion", "DependencyInversion", "{01692017-5345-45B9-BE0A-CBAF4B1FAA36}"
EndProject
Project("{9A19103F-16F7-4668-BE54-9A1E7A4F7556}") = "DependencyInversionSample", "DependencyInversionSample\DependencyInversionSample.csproj", "{C1FF1459-F45A-41EC-802E-6F4F00B3CCBD}"
EndProject
Project("{9A19103F-16F7-4668-BE54-9A1E7A4F7556}") = "DependencyInversionInASPNETCore", "DependencyInversionInASPNETCore\DependencyInversionInASPNETCore.csproj", "{140E5B17-BDB3-4E36-8EEF-353661DB69F2}"
EndProject
Project("{9A19103F-16F7-4668-BE54-9A1E7A4F7556}") = "DependencyInversionInRazorPage", "DependencyInversionInRazorPage\DependencyInversionInRazorPage.csproj", "{374AC2BF-771D-4AF5-A6D3-714E59C23AF0}"
EndProject
Project("{9A19103F-16F7-4668-BE54-9A1E7A4F7556}") = "DependencyInversionInMVC", "DependencyInversionInMVC\DependencyInversionInMVC.csproj", "{27C5BC8B-11D9-4024-A2DA-9E090AFB2423}"
EndProject
Project("{2150E333-8FDC-42A3-9474-1A3956D46DE8}") = "RazorSyntax", "RazorSyntax", "{B5D0F3BF-3F2D-46FB-8922-DA8264AA30EA}"
EndProject
Project("{9A19103F-16F7-4668-BE54-9A1E7A4F7556}") = "RazorPageSyntaxSamples", "RazorPageSyntaxSamples\RazorPageSyntaxSamples.csproj", "{BB0936C5-B686-4764-81C8-3A3DD86044D5}"
EndProject
Project("{9A19103F-16F7-4668-BE54-9A1E7A4F7556}") = "MVCRazorSyntaxSample", "MVCRazorSyntaxSample\MVCRazorSyntaxSample.csproj", "{84AF9C41-C6ED-4206-9727-21C33198707B}"
EndProject
Project("{2150E333-8FDC-42A3-9474-1A3956D46DE8}") = "Solution Items", "Solution Items", "{C00BAF04-AC69-44F0-A1A6-10C9C45F428E}"
	ProjectSection(SolutionItems) = preProject
		..\Agenda.md = ..\Agenda.md
		LinkCollection.md = LinkCollection.md
	EndProjectSection
EndProject
Project("{9A19103F-16F7-4668-BE54-9A1E7A4F7556}") = "DIScopeVsTransientVsSingletonSample", "DIScopeVsTransientVsSingletonSample\DIScopeVsTransientVsSingletonSample.csproj", "{C4E29D6C-039B-4FD2-8CDC-A80AE9531E58}"
EndProject
Project("{2150E333-8FDC-42A3-9474-1A3956D46DE8}") = "Formular", "Formular", "{F397CBDA-EC7F-4BE8-9968-AB6C5696E623}"
EndProject
Project("{9A19103F-16F7-4668-BE54-9A1E7A4F7556}") = "MovieStoreMVC", "MovieStoreMVC\MovieStoreMVC.csproj", "{5C16BFE4-9D67-48A6-BE27-CBEB45A4813F}"
EndProject
Project("{9A19103F-16F7-4668-BE54-9A1E7A4F7556}") = "MovieStoreRazorPage", "MovieStoreRazorPage\MovieStoreRazorPage.csproj", "{64D44480-BCCF-4647-AB86-63E3D172D261}"
EndProject
Project("{FAE04EC0-301F-11D3-BF4B-00C04F79EFBC}") = "WindowsAuthentificationSample", "WindowsAuthentificationSample\WindowsAuthentificationSample.csproj", "{BEDFC4B8-1537-4DD4-A509-95350E4DEEEF}"
EndProject
Global
	GlobalSection(SolutionConfigurationPlatforms) = preSolution
		Debug|Any CPU = Debug|Any CPU
		Release|Any CPU = Release|Any CPU
	EndGlobalSection
	GlobalSection(ProjectConfigurationPlatforms) = postSolution
		{C1FF1459-F45A-41EC-802E-6F4F00B3CCBD}.Debug|Any CPU.ActiveCfg = Debug|Any CPU
		{C1FF1459-F45A-41EC-802E-6F4F00B3CCBD}.Debug|Any CPU.Build.0 = Debug|Any CPU
		{C1FF1459-F45A-41EC-802E-6F4F00B3CCBD}.Release|Any CPU.ActiveCfg = Release|Any CPU
		{C1FF1459-F45A-41EC-802E-6F4F00B3CCBD}.Release|Any CPU.Build.0 = Release|Any CPU
		{140E5B17-BDB3-4E36-8EEF-353661DB69F2}.Debug|Any CPU.ActiveCfg = Debug|Any CPU
		{140E5B17-BDB3-4E36-8EEF-353661DB69F2}.Debug|Any CPU.Build.0 = Debug|Any CPU
		{140E5B17-BDB3-4E36-8EEF-353661DB69F2}.Release|Any CPU.ActiveCfg = Release|Any CPU
		{140E5B17-BDB3-4E36-8EEF-353661DB69F2}.Release|Any CPU.Build.0 = Release|Any CPU
		{374AC2BF-771D-4AF5-A6D3-714E59C23AF0}.Debug|Any CPU.ActiveCfg = Debug|Any CPU
		{374AC2BF-771D-4AF5-A6D3-714E59C23AF0}.Debug|Any CPU.Build.0 = Debug|Any CPU
		{374AC2BF-771D-4AF5-A6D3-714E59C23AF0}.Release|Any CPU.ActiveCfg = Release|Any CPU
		{374AC2BF-771D-4AF5-A6D3-714E59C23AF0}.Release|Any CPU.Build.0 = Release|Any CPU
		{27C5BC8B-11D9-4024-A2DA-9E090AFB2423}.Debug|Any CPU.ActiveCfg = Debug|Any CPU
		{27C5BC8B-11D9-4024-A2DA-9E090AFB2423}.Debug|Any CPU.Build.0 = Debug|Any CPU
		{27C5BC8B-11D9-4024-A2DA-9E090AFB2423}.Release|Any CPU.ActiveCfg = Release|Any CPU
		{27C5BC8B-11D9-4024-A2DA-9E090AFB2423}.Release|Any CPU.Build.0 = Release|Any CPU
		{BB0936C5-B686-4764-81C8-3A3DD86044D5}.Debug|Any CPU.ActiveCfg = Debug|Any CPU
		{BB0936C5-B686-4764-81C8-3A3DD86044D5}.Debug|Any CPU.Build.0 = Debug|Any CPU
		{BB0936C5-B686-4764-81C8-3A3DD86044D5}.Release|Any CPU.ActiveCfg = Release|Any CPU
		{BB0936C5-B686-4764-81C8-3A3DD86044D5}.Release|Any CPU.Build.0 = Release|Any CPU
		{84AF9C41-C6ED-4206-9727-21C33198707B}.Debug|Any CPU.ActiveCfg = Debug|Any CPU
		{84AF9C41-C6ED-4206-9727-21C33198707B}.Debug|Any CPU.Build.0 = Debug|Any CPU
		{84AF9C41-C6ED-4206-9727-21C33198707B}.Release|Any CPU.ActiveCfg = Release|Any CPU
		{84AF9C41-C6ED-4206-9727-21C33198707B}.Release|Any CPU.Build.0 = Release|Any CPU
		{C4E29D6C-039B-4FD2-8CDC-A80AE9531E58}.Debug|Any CPU.ActiveCfg = Debug|Any CPU
		{C4E29D6C-039B-4FD2-8CDC-A80AE9531E58}.Debug|Any CPU.Build.0 = Debug|Any CPU
		{C4E29D6C-039B-4FD2-8CDC-A80AE9531E58}.Release|Any CPU.ActiveCfg = Release|Any CPU
		{C4E29D6C-039B-4FD2-8CDC-A80AE9531E58}.Release|Any CPU.Build.0 = Release|Any CPU
		{5C16BFE4-9D67-48A6-BE27-CBEB45A4813F}.Debug|Any CPU.ActiveCfg = Debug|Any CPU
		{5C16BFE4-9D67-48A6-BE27-CBEB45A4813F}.Debug|Any CPU.Build.0 = Debug|Any CPU
		{5C16BFE4-9D67-48A6-BE27-CBEB45A4813F}.Release|Any CPU.ActiveCfg = Release|Any CPU
		{5C16BFE4-9D67-48A6-BE27-CBEB45A4813F}.Release|Any CPU.Build.0 = Release|Any CPU
		{64D44480-BCCF-4647-AB86-63E3D172D261}.Debug|Any CPU.ActiveCfg = Debug|Any CPU
		{64D44480-BCCF-4647-AB86-63E3D172D261}.Debug|Any CPU.Build.0 = Debug|Any CPU
		{64D44480-BCCF-4647-AB86-63E3D172D261}.Release|Any CPU.ActiveCfg = Release|Any CPU
		{64D44480-BCCF-4647-AB86-63E3D172D261}.Release|Any CPU.Build.0 = Release|Any CPU
		{BEDFC4B8-1537-4DD4-A509-95350E4DEEEF}.Debug|Any CPU.ActiveCfg = Debug|Any CPU
		{BEDFC4B8-1537-4DD4-A509-95350E4DEEEF}.Debug|Any CPU.Build.0 = Debug|Any CPU
		{BEDFC4B8-1537-4DD4-A509-95350E4DEEEF}.Release|Any CPU.ActiveCfg = Release|Any CPU
		{BEDFC4B8-1537-4DD4-A509-95350E4DEEEF}.Release|Any CPU.Build.0 = Release|Any CPU
	EndGlobalSection
	GlobalSection(SolutionProperties) = preSolution
		HideSolutionNode = FALSE
	EndGlobalSection
	GlobalSection(NestedProjects) = preSolution
		{C1FF1459-F45A-41EC-802E-6F4F00B3CCBD} = {01692017-5345-45B9-BE0A-CBAF4B1FAA36}
		{140E5B17-BDB3-4E36-8EEF-353661DB69F2} = {01692017-5345-45B9-BE0A-CBAF4B1FAA36}
		{374AC2BF-771D-4AF5-A6D3-714E59C23AF0} = {01692017-5345-45B9-BE0A-CBAF4B1FAA36}
		{27C5BC8B-11D9-4024-A2DA-9E090AFB2423} = {01692017-5345-45B9-BE0A-CBAF4B1FAA36}
		{BB0936C5-B686-4764-81C8-3A3DD86044D5} = {B5D0F3BF-3F2D-46FB-8922-DA8264AA30EA}
		{84AF9C41-C6ED-4206-9727-21C33198707B} = {B5D0F3BF-3F2D-46FB-8922-DA8264AA30EA}
		{C4E29D6C-039B-4FD2-8CDC-A80AE9531E58} = {01692017-5345-45B9-BE0A-CBAF4B1FAA36}
		{5C16BFE4-9D67-48A6-BE27-CBEB45A4813F} = {F397CBDA-EC7F-4BE8-9968-AB6C5696E623}
		{64D44480-BCCF-4647-AB86-63E3D172D261} = {F397CBDA-EC7F-4BE8-9968-AB6C5696E623}
	EndGlobalSection
	GlobalSection(ExtensibilityGlobals) = postSolution
		SolutionGuid = {998835A5-D603-4FD4-8BC5-398D134DAE83}
	EndGlobalSection
EndGlobal
